
Microsoft Visual Studio Solution File, Format Version 12.00
# Visual Studio Version 17
VisualStudioVersion = 17.9.34701.34
MinimumVisualStudioVersion = 10.0.40219.1
Project("{2150E333-8FDC-42A3-9474-1A3956D46DE8}") = "src", "src", "{F0FCCE4B-27EF-413A-8004-42BA58D6DFC9}"
EndProject
Project("{2150E333-8FDC-42A3-9474-1A3956D46DE8}") = "1.Domain", "1.Domain", "{5B8752A4-9EB3-4011-A1DA-3866AAC8EE3A}"
EndProject
Project("{2150E333-8FDC-42A3-9474-1A3956D46DE8}") = "2.Infrastructure", "2.Infrastructure", "{2E49CE62-D48E-4B9B-ADA0-A279D0A7976D}"
EndProject
Project("{2150E333-8FDC-42A3-9474-1A3956D46DE8}") = "3.Endpoints", "3.Endpoints", "{D3E7481D-D464-48DB-93CB-73362149BFD5}"
EndProject
Project("{2150E333-8FDC-42A3-9474-1A3956D46DE8}") = "Core", "Core", "{52B1F5D0-7872-40D7-93FA-ED672FB55B94}"
EndProject
Project("{2150E333-8FDC-42A3-9474-1A3956D46DE8}") = "Services", "Services", "{528CDEAC-E7AA-47D0-A124-8203518FBAB4}"
EndProject
Project("{2150E333-8FDC-42A3-9474-1A3956D46DE8}") = "EfCore", "EfCore", "{78982720-CF56-4CCB-8E1A-485970C64392}"
EndProject
Project("{2150E333-8FDC-42A3-9474-1A3956D46DE8}") = "Dapper", "Dapper", "{75CD157A-A6D8-4032-9449-170D00AAF894}"
EndProject
Project("{2150E333-8FDC-42A3-9474-1A3956D46DE8}") = "Redis", "Redis", "{EF16A73B-28D0-43CB-9CB9-5FDD9DB54C65}"
EndProject
Project("{2150E333-8FDC-42A3-9474-1A3956D46DE8}") = "WebApplication", "WebApplication", "{E3ABFBF0-24FB-4E4B-B8E3-2BB4BB00FE14}"
EndProject
Project("{2150E333-8FDC-42A3-9474-1A3956D46DE8}") = "Services", "Services", "{918C3F2B-05B2-4928-8364-FC5FABDA141A}"
EndProject
Project("{2150E333-8FDC-42A3-9474-1A3956D46DE8}") = "AppServices", "AppServices", "{563FEDBD-E06B-4388-9132-4DCACD25D089}"
EndProject
Project("{FAE04EC0-301F-11D3-BF4B-00C04F79EFBC}") = "TechnicalTiagnosis.UI", "TechnicalTiagnosis.UI\TechnicalTiagnosis.UI.csproj", "{B5A5DC8B-9EFB-428D-9B44-CD40D2C82AE8}"
EndProject
Project("{FAE04EC0-301F-11D3-BF4B-00C04F79EFBC}") = "TechnicalTiagnosis.Core", "TechnicalTiagnosis.Core\TechnicalTiagnosis.Core.csproj", "{F5BA3D9B-DFB2-4D42-8467-462C5645F353}"
EndProject
Project("{FAE04EC0-301F-11D3-BF4B-00C04F79EFBC}") = "TechnicalTiagnosis.AppServices", "TechnicalTiagnosis.AppServices\TechnicalTiagnosis.AppServices.csproj", "{F23E62EE-C506-43CB-98E8-C1EBEFC6275C}"
EndProject
Project("{FAE04EC0-301F-11D3-BF4B-00C04F79EFBC}") = "TechnicalTiagnosis.Services", "TechnicalTiagnosis.Services\TechnicalTiagnosis.Services.csproj", "{22C32827-BEE9-4F81-9BBE-A20E1D283720}"
EndProject
Project("{FAE04EC0-301F-11D3-BF4B-00C04F79EFBC}") = "TechnicalTiagnosis.EfCore", "TechnicalTiagnosis.EfCore\TechnicalTiagnosis.EfCore.csproj", "{3ABF6D6D-96CC-40EF-B06C-A0A125ED7381}"
EndProject
Project("{FAE04EC0-301F-11D3-BF4B-00C04F79EFBC}") = "TechnicalTiagnosis.Dapper", "TechnicalTiagnosis.Dapper\TechnicalTiagnosis.Dapper.csproj", "{F914EF75-1A8E-4464-8794-2719CC63B87A}"
EndProject
Global
	GlobalSection(SolutionConfigurationPlatforms) = preSolution
		Debug|Any CPU = Debug|Any CPU
		Release|Any CPU = Release|Any CPU
	EndGlobalSection
	GlobalSection(ProjectConfigurationPlatforms) = postSolution
		{B5A5DC8B-9EFB-428D-9B44-CD40D2C82AE8}.Debug|Any CPU.ActiveCfg = Debug|Any CPU
		{B5A5DC8B-9EFB-428D-9B44-CD40D2C82AE8}.Debug|Any CPU.Build.0 = Debug|Any CPU
		{B5A5DC8B-9EFB-428D-9B44-CD40D2C82AE8}.Release|Any CPU.ActiveCfg = Release|Any CPU
		{B5A5DC8B-9EFB-428D-9B44-CD40D2C82AE8}.Release|Any CPU.Build.0 = Release|Any CPU
		{F5BA3D9B-DFB2-4D42-8467-462C5645F353}.Debug|Any CPU.ActiveCfg = Debug|Any CPU
		{F5BA3D9B-DFB2-4D42-8467-462C5645F353}.Debug|Any CPU.Build.0 = Debug|Any CPU
		{F5BA3D9B-DFB2-4D42-8467-462C5645F353}.Release|Any CPU.ActiveCfg = Release|Any CPU
		{F5BA3D9B-DFB2-4D42-8467-462C5645F353}.Release|Any CPU.Build.0 = Release|Any CPU
		{F23E62EE-C506-43CB-98E8-C1EBEFC6275C}.Debug|Any CPU.ActiveCfg = Debug|Any CPU
		{F23E62EE-C506-43CB-98E8-C1EBEFC6275C}.Debug|Any CPU.Build.0 = Debug|Any CPU
		{F23E62EE-C506-43CB-98E8-C1EBEFC6275C}.Release|Any CPU.ActiveCfg = Release|Any CPU
		{F23E62EE-C506-43CB-98E8-C1EBEFC6275C}.Release|Any CPU.Build.0 = Release|Any CPU
		{22C32827-BEE9-4F81-9BBE-A20E1D283720}.Debug|Any CPU.ActiveCfg = Debug|Any CPU
		{22C32827-BEE9-4F81-9BBE-A20E1D283720}.Debug|Any CPU.Build.0 = Debug|Any CPU
		{22C32827-BEE9-4F81-9BBE-A20E1D283720}.Release|Any CPU.ActiveCfg = Release|Any CPU
		{22C32827-BEE9-4F81-9BBE-A20E1D283720}.Release|Any CPU.Build.0 = Release|Any CPU
		{3ABF6D6D-96CC-40EF-B06C-A0A125ED7381}.Debug|Any CPU.ActiveCfg = Debug|Any CPU
		{3ABF6D6D-96CC-40EF-B06C-A0A125ED7381}.Debug|Any CPU.Build.0 = Debug|Any CPU
		{3ABF6D6D-96CC-40EF-B06C-A0A125ED7381}.Release|Any CPU.ActiveCfg = Release|Any CPU
		{3ABF6D6D-96CC-40EF-B06C-A0A125ED7381}.Release|Any CPU.Build.0 = Release|Any CPU
		{F914EF75-1A8E-4464-8794-2719CC63B87A}.Debug|Any CPU.ActiveCfg = Debug|Any CPU
		{F914EF75-1A8E-4464-8794-2719CC63B87A}.Debug|Any CPU.Build.0 = Debug|Any CPU
		{F914EF75-1A8E-4464-8794-2719CC63B87A}.Release|Any CPU.ActiveCfg = Release|Any CPU
		{F914EF75-1A8E-4464-8794-2719CC63B87A}.Release|Any CPU.Build.0 = Release|Any CPU
	EndGlobalSection
	GlobalSection(SolutionProperties) = preSolution
		HideSolutionNode = FALSE
	EndGlobalSection
	GlobalSection(NestedProjects) = preSolution
		{5B8752A4-9EB3-4011-A1DA-3866AAC8EE3A} = {F0FCCE4B-27EF-413A-8004-42BA58D6DFC9}
		{2E49CE62-D48E-4B9B-ADA0-A279D0A7976D} = {F0FCCE4B-27EF-413A-8004-42BA58D6DFC9}
		{D3E7481D-D464-48DB-93CB-73362149BFD5} = {F0FCCE4B-27EF-413A-8004-42BA58D6DFC9}
		{52B1F5D0-7872-40D7-93FA-ED672FB55B94} = {5B8752A4-9EB3-4011-A1DA-3866AAC8EE3A}
		{528CDEAC-E7AA-47D0-A124-8203518FBAB4} = {5B8752A4-9EB3-4011-A1DA-3866AAC8EE3A}
		{78982720-CF56-4CCB-8E1A-485970C64392} = {2E49CE62-D48E-4B9B-ADA0-A279D0A7976D}
		{75CD157A-A6D8-4032-9449-170D00AAF894} = {2E49CE62-D48E-4B9B-ADA0-A279D0A7976D}
		{EF16A73B-28D0-43CB-9CB9-5FDD9DB54C65} = {2E49CE62-D48E-4B9B-ADA0-A279D0A7976D}
		{E3ABFBF0-24FB-4E4B-B8E3-2BB4BB00FE14} = {D3E7481D-D464-48DB-93CB-73362149BFD5}
		{918C3F2B-05B2-4928-8364-FC5FABDA141A} = {528CDEAC-E7AA-47D0-A124-8203518FBAB4}
		{563FEDBD-E06B-4388-9132-4DCACD25D089} = {528CDEAC-E7AA-47D0-A124-8203518FBAB4}
		{B5A5DC8B-9EFB-428D-9B44-CD40D2C82AE8} = {E3ABFBF0-24FB-4E4B-B8E3-2BB4BB00FE14}
		{F5BA3D9B-DFB2-4D42-8467-462C5645F353} = {52B1F5D0-7872-40D7-93FA-ED672FB55B94}
		{F23E62EE-C506-43CB-98E8-C1EBEFC6275C} = {563FEDBD-E06B-4388-9132-4DCACD25D089}
		{22C32827-BEE9-4F81-9BBE-A20E1D283720} = {918C3F2B-05B2-4928-8364-FC5FABDA141A}
		{3ABF6D6D-96CC-40EF-B06C-A0A125ED7381} = {78982720-CF56-4CCB-8E1A-485970C64392}
		{F914EF75-1A8E-4464-8794-2719CC63B87A} = {75CD157A-A6D8-4032-9449-170D00AAF894}
	EndGlobalSection
	GlobalSection(ExtensibilityGlobals) = postSolution
		SolutionGuid = {52591FD5-63AE-4926-A0D1-0DC07BD688A0}
	EndGlobalSection
EndGlobal
